
Microsoft Visual Studio Solution File, Format Version 12.00
# Visual Studio Version 17
VisualStudioVersion = 17.9.34616.47
MinimumVisualStudioVersion = 10.0.40219.1
Project("{FAE04EC0-301F-11D3-BF4B-00C04F79EFBC}") = "SuperbrainManagement", "SuperbrainManagement.csproj", "{7EA80C3C-EC95-41D0-BF68-35FA3DA60645}"
EndProject
Global
	GlobalSection(SolutionConfigurationPlatforms) = preSolution
		Debug|Any CPU = Debug|Any CPU
		Release|Any CPU = Release|Any CPU
	EndGlobalSection
	GlobalSection(ProjectConfigurationPlatforms) = postSolution
		{7EA80C3C-EC95-41D0-BF68-35FA3DA60645}.Debug|Any CPU.ActiveCfg = Debug|Any CPU
		{7EA80C3C-EC95-41D0-BF68-35FA3DA60645}.Debug|Any CPU.Build.0 = Debug|Any CPU
		{7EA80C3C-EC95-41D0-BF68-35FA3DA60645}.Release|Any CPU.ActiveCfg = Release|Any CPU
		{7EA80C3C-EC95-41D0-BF68-35FA3DA60645}.Release|Any CPU.Build.0 = Release|Any CPU
	EndGlobalSection
	GlobalSection(SolutionProperties) = preSolution
		HideSolutionNode = FALSE
	EndGlobalSection
	GlobalSection(ExtensibilityGlobals) = postSolution
		SolutionGuid = {CAF44752-E7B6-4270-A4ED-A3A919E2FAE7}
	EndGlobalSection
EndGlobal
